
Microsoft Visual Studio Solution File, Format Version 12.00
# Visual Studio Version 17
VisualStudioVersion = 17.14.36915.13 d17.14
MinimumVisualStudioVersion = 10.0.40219.1
Project("{FAE04EC0-301F-11D3-BF4B-00C04F79EFBC}") = "week 3, davaleba 2", "week 3, davaleba 2.csproj", "{D6C56AC0-4203-4FF6-A070-D59516308791}"
EndProject
Global
	GlobalSection(SolutionConfigurationPlatforms) = preSolution
		Debug|Any CPU = Debug|Any CPU
		Release|Any CPU = Release|Any CPU
	EndGlobalSection
	GlobalSection(ProjectConfigurationPlatforms) = postSolution
		{D6C56AC0-4203-4FF6-A070-D59516308791}.Debug|Any CPU.ActiveCfg = Debug|Any CPU
		{D6C56AC0-4203-4FF6-A070-D59516308791}.Debug|Any CPU.Build.0 = Debug|Any CPU
		{D6C56AC0-4203-4FF6-A070-D59516308791}.Release|Any CPU.ActiveCfg = Release|Any CPU
		{D6C56AC0-4203-4FF6-A070-D59516308791}.Release|Any CPU.Build.0 = Release|Any CPU
	EndGlobalSection
	GlobalSection(SolutionProperties) = preSolution
		HideSolutionNode = FALSE
	EndGlobalSection
	GlobalSection(ExtensibilityGlobals) = postSolution
		SolutionGuid = {255B0B3C-BBCC-457E-83F4-94BF004576E4}
	EndGlobalSection
EndGlobal
