
Microsoft Visual Studio Solution File, Format Version 12.00
# Visual Studio Version 17
VisualStudioVersion = 17.14.36915.13 d17.14
MinimumVisualStudioVersion = 10.0.40219.1
Project("{FAE04EC0-301F-11D3-BF4B-00C04F79EFBC}") = "khatia", "khatia.csproj", "{60211B58-310E-4546-A4C7-43D5C14D0D1A}"
EndProject
Global
	GlobalSection(SolutionConfigurationPlatforms) = preSolution
		Debug|Any CPU = Debug|Any CPU
		Release|Any CPU = Release|Any CPU
	EndGlobalSection
	GlobalSection(ProjectConfigurationPlatforms) = postSolution
		{60211B58-310E-4546-A4C7-43D5C14D0D1A}.Debug|Any CPU.ActiveCfg = Debug|Any CPU
		{60211B58-310E-4546-A4C7-43D5C14D0D1A}.Debug|Any CPU.Build.0 = Debug|Any CPU
		{60211B58-310E-4546-A4C7-43D5C14D0D1A}.Release|Any CPU.ActiveCfg = Release|Any CPU
		{60211B58-310E-4546-A4C7-43D5C14D0D1A}.Release|Any CPU.Build.0 = Release|Any CPU
	EndGlobalSection
	GlobalSection(SolutionProperties) = preSolution
		HideSolutionNode = FALSE
	EndGlobalSection
	GlobalSection(ExtensibilityGlobals) = postSolution
		SolutionGuid = {05846B8F-E560-4A51-A750-F2B0CA04299F}
	EndGlobalSection
EndGlobal
