
Microsoft Visual Studio Solution File, Format Version 12.00
# Visual Studio Version 17
VisualStudioVersion = 17.14.36915.13
MinimumVisualStudioVersion = 10.0.40219.1
Project("{FAE04EC0-301F-11D3-BF4B-00C04F79EFBC}") = "EvenOdd", "EvenOdd\EvenOdd.csproj", "{3FD1A918-B9F6-4E5E-A604-B364732BF86B}"
EndProject
Project("{FAE04EC0-301F-11D3-BF4B-00C04F79EFBC}") = "Calculator", "Calculator\Calculator.csproj", "{04217C15-3088-41CD-A2CD-52C1E55F62C8}"
EndProject
Project("{FAE04EC0-301F-11D3-BF4B-00C04F79EFBC}") = "AgeGap", "AgeGap\AgeGap.csproj", "{FD0B973E-FD7C-4350-B4E9-1E8C6FF7DBD0}"
EndProject
Project("{FAE04EC0-301F-11D3-BF4B-00C04F79EFBC}") = "Password", "Password\Password.csproj", "{D97BD253-1F3D-436B-8025-769EF467E896}"
EndProject
Project("{FAE04EC0-301F-11D3-BF4B-00C04F79EFBC}") = "massive, for-foreach", "massive, for-foreach\massive, for-foreach.csproj", "{94115E6D-4FA5-4E5B-9BBC-705F78A1ED50}"
EndProject
Project("{FAE04EC0-301F-11D3-BF4B-00C04F79EFBC}") = "sum, min, max", "sum, min, max\sum, min, max.csproj", "{6129873D-7219-4F8F-82A4-6BC2D5DD7F9E}"
EndProject
Global
	GlobalSection(SolutionConfigurationPlatforms) = preSolution
		Debug|Any CPU = Debug|Any CPU
		Release|Any CPU = Release|Any CPU
	EndGlobalSection
	GlobalSection(ProjectConfigurationPlatforms) = postSolution
		{3FD1A918-B9F6-4E5E-A604-B364732BF86B}.Debug|Any CPU.ActiveCfg = Debug|Any CPU
		{3FD1A918-B9F6-4E5E-A604-B364732BF86B}.Debug|Any CPU.Build.0 = Debug|Any CPU
		{3FD1A918-B9F6-4E5E-A604-B364732BF86B}.Release|Any CPU.ActiveCfg = Release|Any CPU
		{3FD1A918-B9F6-4E5E-A604-B364732BF86B}.Release|Any CPU.Build.0 = Release|Any CPU
		{04217C15-3088-41CD-A2CD-52C1E55F62C8}.Debug|Any CPU.ActiveCfg = Debug|Any CPU
		{04217C15-3088-41CD-A2CD-52C1E55F62C8}.Debug|Any CPU.Build.0 = Debug|Any CPU
		{04217C15-3088-41CD-A2CD-52C1E55F62C8}.Release|Any CPU.ActiveCfg = Release|Any CPU
		{04217C15-3088-41CD-A2CD-52C1E55F62C8}.Release|Any CPU.Build.0 = Release|Any CPU
		{FD0B973E-FD7C-4350-B4E9-1E8C6FF7DBD0}.Debug|Any CPU.ActiveCfg = Debug|Any CPU
		{FD0B973E-FD7C-4350-B4E9-1E8C6FF7DBD0}.Debug|Any CPU.Build.0 = Debug|Any CPU
		{FD0B973E-FD7C-4350-B4E9-1E8C6FF7DBD0}.Release|Any CPU.ActiveCfg = Release|Any CPU
		{FD0B973E-FD7C-4350-B4E9-1E8C6FF7DBD0}.Release|Any CPU.Build.0 = Release|Any CPU
		{D97BD253-1F3D-436B-8025-769EF467E896}.Debug|Any CPU.ActiveCfg = Debug|Any CPU
		{D97BD253-1F3D-436B-8025-769EF467E896}.Debug|Any CPU.Build.0 = Debug|Any CPU
		{D97BD253-1F3D-436B-8025-769EF467E896}.Release|Any CPU.ActiveCfg = Release|Any CPU
		{D97BD253-1F3D-436B-8025-769EF467E896}.Release|Any CPU.Build.0 = Release|Any CPU
		{94115E6D-4FA5-4E5B-9BBC-705F78A1ED50}.Debug|Any CPU.ActiveCfg = Debug|Any CPU
		{94115E6D-4FA5-4E5B-9BBC-705F78A1ED50}.Debug|Any CPU.Build.0 = Debug|Any CPU
		{94115E6D-4FA5-4E5B-9BBC-705F78A1ED50}.Release|Any CPU.ActiveCfg = Release|Any CPU
		{94115E6D-4FA5-4E5B-9BBC-705F78A1ED50}.Release|Any CPU.Build.0 = Release|Any CPU
		{6129873D-7219-4F8F-82A4-6BC2D5DD7F9E}.Debug|Any CPU.ActiveCfg = Debug|Any CPU
		{6129873D-7219-4F8F-82A4-6BC2D5DD7F9E}.Debug|Any CPU.Build.0 = Debug|Any CPU
		{6129873D-7219-4F8F-82A4-6BC2D5DD7F9E}.Release|Any CPU.ActiveCfg = Release|Any CPU
		{6129873D-7219-4F8F-82A4-6BC2D5DD7F9E}.Release|Any CPU.Build.0 = Release|Any CPU
	EndGlobalSection
	GlobalSection(SolutionProperties) = preSolution
		HideSolutionNode = FALSE
	EndGlobalSection
	GlobalSection(ExtensibilityGlobals) = postSolution
		SolutionGuid = {B319B31F-606F-4514-8383-B6D5CEC5F1ED}
	EndGlobalSection
EndGlobal
